
Microsoft Visual Studio Solution File, Format Version 12.00
# Visual Studio Version 17
VisualStudioVersion = 17.10.35122.118
MinimumVisualStudioVersion = 10.0.40219.1
Project("{FAE04EC0-301F-11D3-BF4B-00C04F79EFBC}") = "PGrafica1", "PGrafica1.csproj", "{070AE3C9-A344-466E-BA02-0E0BA95CBBD9}"
EndProject
Global
	GlobalSection(SolutionConfigurationPlatforms) = preSolution
		Debug|Any CPU = Debug|Any CPU
		Release|Any CPU = Release|Any CPU
	EndGlobalSection
	GlobalSection(ProjectConfigurationPlatforms) = postSolution
		{070AE3C9-A344-466E-BA02-0E0BA95CBBD9}.Debug|Any CPU.ActiveCfg = Debug|Any CPU
		{070AE3C9-A344-466E-BA02-0E0BA95CBBD9}.Debug|Any CPU.Build.0 = Debug|Any CPU
		{070AE3C9-A344-466E-BA02-0E0BA95CBBD9}.Release|Any CPU.ActiveCfg = Release|Any CPU
		{070AE3C9-A344-466E-BA02-0E0BA95CBBD9}.Release|Any CPU.Build.0 = Release|Any CPU
	EndGlobalSection
	GlobalSection(SolutionProperties) = preSolution
		HideSolutionNode = FALSE
	EndGlobalSection
	GlobalSection(ExtensibilityGlobals) = postSolution
		SolutionGuid = {EC117574-67CE-4A60-8786-25400EA130CD}
	EndGlobalSection
EndGlobal
